// !$*UTF8*$!
{
	archiveVersion = 1;
	classes = {
	};
	objectVersion = 50;
	objects = {

/* Begin PBXBuildFile section */
		041DD56522833C840069D729 /* AppDelegate.swift in Sources */ = {isa = PBXBuildFile; fileRef = 041DD56422833C840069D729 /* AppDelegate.swift */; };
		041DD56722833C840069D729 /* ViewController.swift in Sources */ = {isa = PBXBuildFile; fileRef = 041DD56622833C840069D729 /* ViewController.swift */; };
		041DD56A22833C840069D729 /* Main.storyboard in Resources */ = {isa = PBXBuildFile; fileRef = 041DD56822833C840069D729 /* Main.storyboard */; };
		041DD56C22833C850069D729 /* Assets.xcassets in Resources */ = {isa = PBXBuildFile; fileRef = 041DD56B22833C850069D729 /* Assets.xcassets */; };
		041DD56F22833C850069D729 /* LaunchScreen.storyboard in Resources */ = {isa = PBXBuildFile; fileRef = 041DD56D22833C850069D729 /* LaunchScreen.storyboard */; };
		041DD57722833CA50069D729 /* Podfile in Resources */ = {isa = PBXBuildFile; fileRef = 041DD57622833CA50069D729 /* Podfile */; };
		041DD57B228346BD0069D729 /* fhir.json in Resources */ = {isa = PBXBuildFile; fileRef = 041DD57A228346BD0069D729 /* fhir.json */; };
		04211EAB22845FFA0027E369 /* ClinicalImpression.json in Resources */ = {isa = PBXBuildFile; fileRef = 04211EAA22845FFA0027E369 /* ClinicalImpression.json */; };
		04211EAD228465230027E369 /* MedicationRequest.json in Resources */ = {isa = PBXBuildFile; fileRef = 04211EAC228465230027E369 /* MedicationRequest.json */; };
		04211EAF22849C000027E369 /* ExtensionKit.swift in Sources */ = {isa = PBXBuildFile; fileRef = 04211EAE22849C000027E369 /* ExtensionKit.swift */; };
		1487741B903BA4D5A75C4EC2 /* Pods_schematix.framework in Frameworks */ = {isa = PBXBuildFile; fileRef = 5011DEE0A69FE128A533FD3B /* Pods_schematix.framework */; };
/* End PBXBuildFile section */

/* Begin PBXFileReference section */
		041DD56122833C840069D729 /* schematix.app */ = {isa = PBXFileReference; explicitFileType = wrapper.application; includeInIndex = 0; path = schematix.app; sourceTree = BUILT_PRODUCTS_DIR; };
		041DD56422833C840069D729 /* AppDelegate.swift */ = {isa = PBXFileReference; lastKnownFileType = sourcecode.swift; path = AppDelegate.swift; sourceTree = "<group>"; };
		041DD56622833C840069D729 /* ViewController.swift */ = {isa = PBXFileReference; lastKnownFileType = sourcecode.swift; path = ViewController.swift; sourceTree = "<group>"; };
		041DD56922833C840069D729 /* Base */ = {isa = PBXFileReference; lastKnownFileType = file.storyboard; name = Base; path = Base.lproj/Main.storyboard; sourceTree = "<group>"; };
		041DD56B22833C850069D729 /* Assets.xcassets */ = {isa = PBXFileReference; lastKnownFileType = folder.assetcatalog; path = Assets.xcassets; sourceTree = "<group>"; };
		041DD56E22833C850069D729 /* Base */ = {isa = PBXFileReference; lastKnownFileType = file.storyboard; name = Base; path = Base.lproj/LaunchScreen.storyboard; sourceTree = "<group>"; };
		041DD57022833C850069D729 /* Info.plist */ = {isa = PBXFileReference; lastKnownFileType = text.plist.xml; path = Info.plist; sourceTree = "<group>"; };
		041DD57622833CA50069D729 /* Podfile */ = {isa = PBXFileReference; fileEncoding = 4; lastKnownFileType = text; path = Podfile; sourceTree = "<group>"; xcLanguageSpecificationIdentifier = xcode.lang.ruby; };
		041DD57A228346BD0069D729 /* fhir.json */ = {isa = PBXFileReference; fileEncoding = 4; lastKnownFileType = text.json; path = fhir.json; sourceTree = "<group>"; };
		04211EAA22845FFA0027E369 /* ClinicalImpression.json */ = {isa = PBXFileReference; fileEncoding = 4; lastKnownFileType = text.json; path = ClinicalImpression.json; sourceTree = "<group>"; };
		04211EAC228465230027E369 /* MedicationRequest.json */ = {isa = PBXFileReference; fileEncoding = 4; lastKnownFileType = text.json; path = MedicationRequest.json; sourceTree = "<group>"; };
		04211EAE22849C000027E369 /* ExtensionKit.swift */ = {isa = PBXFileReference; fileEncoding = 4; lastKnownFileType = sourcecode.swift; path = ExtensionKit.swift; sourceTree = "<group>"; };
		5011DEE0A69FE128A533FD3B /* Pods_schematix.framework */ = {isa = PBXFileReference; explicitFileType = wrapper.framework; includeInIndex = 0; path = Pods_schematix.framework; sourceTree = BUILT_PRODUCTS_DIR; };
		87EB0F12ACD80C8AFCF8778C /* Pods-schematix.release.xcconfig */ = {isa = PBXFileReference; includeInIndex = 1; lastKnownFileType = text.xcconfig; name = "Pods-schematix.release.xcconfig"; path = "Target Support Files/Pods-schematix/Pods-schematix.release.xcconfig"; sourceTree = "<group>"; };
		B9889C9CBAC290FC78AA5DD4 /* Pods-schematix.debug.xcconfig */ = {isa = PBXFileReference; includeInIndex = 1; lastKnownFileType = text.xcconfig; name = "Pods-schematix.debug.xcconfig"; path = "Target Support Files/Pods-schematix/Pods-schematix.debug.xcconfig"; sourceTree = "<group>"; };
/* End PBXFileReference section */

/* Begin PBXFrameworksBuildPhase section */
		041DD55E22833C840069D729 /* Frameworks */ = {
			isa = PBXFrameworksBuildPhase;
			buildActionMask = 2147483647;
			files = (
				1487741B903BA4D5A75C4EC2 /* Pods_schematix.framework in Frameworks */,
			);
			runOnlyForDeploymentPostprocessing = 0;
		};
/* End PBXFrameworksBuildPhase section */

/* Begin PBXGroup section */
		041DD55822833C840069D729 = {
			isa = PBXGroup;
			children = (
				041DD57622833CA50069D729 /* Podfile */,
				041DD56322833C840069D729 /* schematix */,
				041DD56222833C840069D729 /* Products */,
				C277DB27CA20AD7B17915085 /* Pods */,
				353017A6E5C96E55705395A4 /* Frameworks */,
			);
			sourceTree = "<group>";
		};
		041DD56222833C840069D729 /* Products */ = {
			isa = PBXGroup;
			children = (
				041DD56122833C840069D729 /* schematix.app */,
			);
			name = Products;
			sourceTree = "<group>";
		};
		041DD56322833C840069D729 /* schematix */ = {
			isa = PBXGroup;
			children = (
				04211EAE22849C000027E369 /* ExtensionKit.swift */,
				04211EAC228465230027E369 /* MedicationRequest.json */,
				04211EAA22845FFA0027E369 /* ClinicalImpression.json */,
				041DD57A228346BD0069D729 /* fhir.json */,
				041DD56422833C840069D729 /* AppDelegate.swift */,
				041DD56622833C840069D729 /* ViewController.swift */,
				041DD56822833C840069D729 /* Main.storyboard */,
				041DD56B22833C850069D729 /* Assets.xcassets */,
				041DD56D22833C850069D729 /* LaunchScreen.storyboard */,
				041DD57022833C850069D729 /* Info.plist */,
			);
			path = schematix;
			sourceTree = "<group>";
		};
		353017A6E5C96E55705395A4 /* Frameworks */ = {
			isa = PBXGroup;
			children = (
				5011DEE0A69FE128A533FD3B /* Pods_schematix.framework */,
			);
			name = Frameworks;
			sourceTree = "<group>";
		};
		C277DB27CA20AD7B17915085 /* Pods */ = {
			isa = PBXGroup;
			children = (
				B9889C9CBAC290FC78AA5DD4 /* Pods-schematix.debug.xcconfig */,
				87EB0F12ACD80C8AFCF8778C /* Pods-schematix.release.xcconfig */,
			);
			path = Pods;
			sourceTree = "<group>";
		};
/* End PBXGroup section */

/* Begin PBXNativeTarget section */
		041DD56022833C840069D729 /* schematix */ = {
			isa = PBXNativeTarget;
			buildConfigurationList = 041DD57322833C850069D729 /* Build configuration list for PBXNativeTarget "schematix" */;
			buildPhases = (
				8813FE89310642146D9B3D18 /* [CP] Check Pods Manifest.lock */,
				041DD55D22833C840069D729 /* Sources */,
				041DD55E22833C840069D729 /* Frameworks */,
				041DD55F22833C840069D729 /* Resources */,
				1E607B40BF09223F1BD7CF64 /* [CP] Embed Pods Frameworks */,
			);
			buildRules = (
			);
			dependencies = (
			);
			name = schematix;
			productName = schematix;
			productReference = 041DD56122833C840069D729 /* schematix.app */;
			productType = "com.apple.product-type.application";
		};
/* End PBXNativeTarget section */

/* Begin PBXProject section */
		041DD55922833C840069D729 /* Project object */ = {
			isa = PBXProject;
			attributes = {
				LastSwiftUpdateCheck = 1020;
				LastUpgradeCheck = 1020;
				ORGANIZATIONNAME = "Johan Sellström";
				TargetAttributes = {
					041DD56022833C840069D729 = {
						CreatedOnToolsVersion = 10.2.1;
					};
				};
			};
			buildConfigurationList = 041DD55C22833C840069D729 /* Build configuration list for PBXProject "schematix" */;
			compatibilityVersion = "Xcode 9.3";
			developmentRegion = en;
			hasScannedForEncodings = 0;
			knownRegions = (
				en,
				Base,
			);
			mainGroup = 041DD55822833C840069D729;
			productRefGroup = 041DD56222833C840069D729 /* Products */;
			projectDirPath = "";
			projectRoot = "";
			targets = (
				041DD56022833C840069D729 /* schematix */,
			);
		};
/* End PBXProject section */

/* Begin PBXResourcesBuildPhase section */
		041DD55F22833C840069D729 /* Resources */ = {
			isa = PBXResourcesBuildPhase;
			buildActionMask = 2147483647;
			files = (
				04211EAB22845FFA0027E369 /* ClinicalImpression.json in Resources */,
				04211EAD228465230027E369 /* MedicationRequest.json in Resources */,
				041DD57B228346BD0069D729 /* fhir.json in Resources */,
				041DD56F22833C850069D729 /* LaunchScreen.storyboard in Resources */,
				041DD56C22833C850069D729 /* Assets.xcassets in Resources */,
				041DD57722833CA50069D729 /* Podfile in Resources */,
				041DD56A22833C840069D729 /* Main.storyboard in Resources */,
			);
			runOnlyForDeploymentPostprocessing = 0;
		};
/* End PBXResourcesBuildPhase section */

/* Begin PBXShellScriptBuildPhase section */
		1E607B40BF09223F1BD7CF64 /* [CP] Embed Pods Frameworks */ = {
			isa = PBXShellScriptBuildPhase;
			buildActionMask = 2147483647;
			files = (
			);
			inputFileListPaths = (
			);
			inputPaths = (
				"${PODS_ROOT}/Target Support Files/Pods-schematix/Pods-schematix-frameworks.sh",
				"${BUILT_PRODUCTS_DIR}/Protobuf/Protobuf.framework",
				"${BUILT_PRODUCTS_DIR}/SMART/SMART.framework",
				"${BUILT_PRODUCTS_DIR}/Textile/Textile.framework",
				"${BUILT_PRODUCTS_DIR}/TextileCore/TextileCore.framework",
			);
			name = "[CP] Embed Pods Frameworks";
			outputFileListPaths = (
			);
			outputPaths = (
				"${TARGET_BUILD_DIR}/${FRAMEWORKS_FOLDER_PATH}/Protobuf.framework",
				"${TARGET_BUILD_DIR}/${FRAMEWORKS_FOLDER_PATH}/SMART.framework",
				"${TARGET_BUILD_DIR}/${FRAMEWORKS_FOLDER_PATH}/Textile.framework",
				"${TARGET_BUILD_DIR}/${FRAMEWORKS_FOLDER_PATH}/TextileCore.framework",
			);
			runOnlyForDeploymentPostprocessing = 0;
			shellPath = /bin/sh;
			shellScript = "\"${PODS_ROOT}/Target Support Files/Pods-schematix/Pods-schematix-frameworks.sh\"\n";
			showEnvVarsInLog = 0;
		};
		8813FE89310642146D9B3D18 /* [CP] Check Pods Manifest.lock */ = {
			isa = PBXShellScriptBuildPhase;
			buildActionMask = 2147483647;
			files = (
			);
			inputFileListPaths = (
			);
			inputPaths = (
				"${PODS_PODFILE_DIR_PATH}/Podfile.lock",
				"${PODS_ROOT}/Manifest.lock",
			);
			name = "[CP] Check Pods Manifest.lock";
			outputFileListPaths = (
			);
			outputPaths = (
				"$(DERIVED_FILE_DIR)/Pods-schematix-checkManifestLockResult.txt",
			);
			runOnlyForDeploymentPostprocessing = 0;
			shellPath = /bin/sh;
			shellScript = "diff \"${PODS_PODFILE_DIR_PATH}/Podfile.lock\" \"${PODS_ROOT}/Manifest.lock\" > /dev/null\nif [ $? != 0 ] ; then\n    # print error to STDERR\n    echo \"error: The sandbox is not in sync with the Podfile.lock. Run 'pod install' or update your CocoaPods installation.\" >&2\n    exit 1\nfi\n# This output is used by Xcode 'outputs' to avoid re-running this script phase.\necho \"SUCCESS\" > \"${SCRIPT_OUTPUT_FILE_0}\"\n";
			showEnvVarsInLog = 0;
		};
/* End PBXShellScriptBuildPhase section */

/* Begin PBXSourcesBuildPhase section */
		041DD55D22833C840069D729 /* Sources */ = {
			isa = PBXSourcesBuildPhase;
			buildActionMask = 2147483647;
			files = (
				04211EAF22849C000027E369 /* ExtensionKit.swift in Sources */,
				041DD56722833C840069D729 /* ViewController.swift in Sources */,
				041DD56522833C840069D729 /* AppDelegate.swift in Sources */,
			);
			runOnlyForDeploymentPostprocessing = 0;
		};
/* End PBXSourcesBuildPhase section */

/* Begin PBXVariantGroup section */
		041DD56822833C840069D729 /* Main.storyboard */ = {
			isa = PBXVariantGroup;
			children = (
				041DD56922833C840069D729 /* Base */,
			);
			name = Main.storyboard;
			sourceTree = "<group>";
		};
		041DD56D22833C850069D729 /* LaunchScreen.storyboard */ = {
			isa = PBXVariantGroup;
			children = (
				041DD56E22833C850069D729 /* Base */,
			);
			name = LaunchScreen.storyboard;
			sourceTree = "<group>";
		};
/* End PBXVariantGroup section */

/* Begin XCBuildConfiguration section */
		041DD57122833C850069D729 /* Debug */ = {
			isa = XCBuildConfiguration;
			buildSettings = {
				ALWAYS_SEARCH_USER_PATHS = NO;
				CLANG_ANALYZER_NONNULL = YES;
				CLANG_ANALYZER_NUMBER_OBJECT_CONVERSION = YES_AGGRESSIVE;
				CLANG_CXX_LANGUAGE_STANDARD = "gnu++14";
				CLANG_CXX_LIBRARY = "libc++";
				CLANG_ENABLE_MODULES = YES;
				CLANG_ENABLE_OBJC_ARC = YES;
				CLANG_ENABLE_OBJC_WEAK = YES;
				CLANG_WARN_BLOCK_CAPTURE_AUTORELEASING = YES;
				CLANG_WARN_BOOL_CONVERSION = YES;
				CLANG_WARN_COMMA = YES;
				CLANG_WARN_CONSTANT_CONVERSION = YES;
				CLANG_WARN_DEPRECATED_OBJC_IMPLEMENTATIONS = YES;
				CLANG_WARN_DIRECT_OBJC_ISA_USAGE = YES_ERROR;
				CLANG_WARN_DOCUMENTATION_COMMENTS = YES;
				CLANG_WARN_EMPTY_BODY = YES;
				CLANG_WARN_ENUM_CONVERSION = YES;
				CLANG_WARN_INFINITE_RECURSION = YES;
				CLANG_WARN_INT_CONVERSION = YES;
				CLANG_WARN_NON_LITERAL_NULL_CONVERSION = YES;
				CLANG_WARN_OBJC_IMPLICIT_RETAIN_SELF = YES;
				CLANG_WARN_OBJC_LITERAL_CONVERSION = YES;
				CLANG_WARN_OBJC_ROOT_CLASS = YES_ERROR;
				CLANG_WARN_RANGE_LOOP_ANALYSIS = YES;
				CLANG_WARN_STRICT_PROTOTYPES = YES;
				CLANG_WARN_SUSPICIOUS_MOVE = YES;
				CLANG_WARN_UNGUARDED_AVAILABILITY = YES_AGGRESSIVE;
				CLANG_WARN_UNREACHABLE_CODE = YES;
				CLANG_WARN__DUPLICATE_METHOD_MATCH = YES;
				CODE_SIGN_IDENTITY = "iPhone Developer";
				COPY_PHASE_STRIP = NO;
				DEBUG_INFORMATION_FORMAT = dwarf;
				ENABLE_STRICT_OBJC_MSGSEND = YES;
				ENABLE_TESTABILITY = YES;
				GCC_C_LANGUAGE_STANDARD = gnu11;
				GCC_DYNAMIC_NO_PIC = NO;
				GCC_NO_COMMON_BLOCKS = YES;
				GCC_OPTIMIZATION_LEVEL = 0;
				GCC_PREPROCESSOR_DEFINITIONS = (
					"DEBUG=1",
					"$(inherited)",
				);
				GCC_WARN_64_TO_32_BIT_CONVERSION = YES;
				GCC_WARN_ABOUT_RETURN_TYPE = YES_ERROR;
				GCC_WARN_UNDECLARED_SELECTOR = YES;
				GCC_WARN_UNINITIALIZED_AUTOS = YES_AGGRESSIVE;
				GCC_WARN_UNUSED_FUNCTION = YES;
				GCC_WARN_UNUSED_VARIABLE = YES;
				IPHONEOS_DEPLOYMENT_TARGET = 12.2;
				MTL_ENABLE_DEBUG_INFO = INCLUDE_SOURCE;
				MTL_FAST_MATH = YES;
				ONLY_ACTIVE_ARCH = YES;
				SDKROOT = iphoneos;
				SWIFT_ACTIVE_COMPILATION_CONDITIONS = DEBUG;
				SWIFT_OPTIMIZATION_LEVEL = "-Onone";
			};
			name = Debug;
		};
		041DD57222833C850069D729 /* Release */ = {
			isa = XCBuildConfiguration;
			buildSettings = {
				ALWAYS_SEARCH_USER_PATHS = NO;
				CLANG_ANALYZER_NONNULL = YES;
				CLANG_ANALYZER_NUMBER_OBJECT_CONVERSION = YES_AGGRESSIVE;
				CLANG_CXX_LANGUAGE_STANDARD = "gnu++14";
				CLANG_CXX_LIBRARY = "libc++";
				CLANG_ENABLE_MODULES = YES;
				CLANG_ENABLE_OBJC_ARC = YES;
				CLANG_ENABLE_OBJC_WEAK = YES;
				CLANG_WARN_BLOCK_CAPTURE_AUTORELEASING = YES;
				CLANG_WARN_BOOL_CONVERSION = YES;
				CLANG_WARN_COMMA = YES;
				CLANG_WARN_CONSTANT_CONVERSION = YES;
				CLANG_WARN_DEPRECATED_OBJC_IMPLEMENTATIONS = YES;
				CLANG_WARN_DIRECT_OBJC_ISA_USAGE = YES_ERROR;
				CLANG_WARN_DOCUMENTATION_COMMENTS = YES;
				CLANG_WARN_EMPTY_BODY = YES;
				CLANG_WARN_ENUM_CONVERSION = YES;
				CLANG_WARN_INFINITE_RECURSION = YES;
				CLANG_WARN_INT_CONVERSION = YES;
				CLANG_WARN_NON_LITERAL_NULL_CONVERSION = YES;
				CLANG_WARN_OBJC_IMPLICIT_RETAIN_SELF = YES;
				CLANG_WARN_OBJC_LITERAL_CONVERSION = YES;
				CLANG_WARN_OBJC_ROOT_CLASS = YES_ERROR;
				CLANG_WARN_RANGE_LOOP_ANALYSIS = YES;
				CLANG_WARN_STRICT_PROTOTYPES = YES;
				CLANG_WARN_SUSPICIOUS_MOVE = YES;
				CLANG_WARN_UNGUARDED_AVAILABILITY = YES_AGGRESSIVE;
				CLANG_WARN_UNREACHABLE_CODE = YES;
				CLANG_WARN__DUPLICATE_METHOD_MATCH = YES;
				CODE_SIGN_IDENTITY = "iPhone Developer";
				COPY_PHASE_STRIP = NO;
				DEBUG_INFORMATION_FORMAT = "dwarf-with-dsym";
				ENABLE_NS_ASSERTIONS = NO;
				ENABLE_STRICT_OBJC_MSGSEND = YES;
				GCC_C_LANGUAGE_STANDARD = gnu11;
				GCC_NO_COMMON_BLOCKS = YES;
				GCC_WARN_64_TO_32_BIT_CONVERSION = YES;
				GCC_WARN_ABOUT_RETURN_TYPE = YES_ERROR;
				GCC_WARN_UNDECLARED_SELECTOR = YES;
				GCC_WARN_UNINITIALIZED_AUTOS = YES_AGGRESSIVE;
				GCC_WARN_UNUSED_FUNCTION = YES;
				GCC_WARN_UNUSED_VARIABLE = YES;
				IPHONEOS_DEPLOYMENT_TARGET = 12.2;
				MTL_ENABLE_DEBUG_INFO = NO;
				MTL_FAST_MATH = YES;
				SDKROOT = iphoneos;
				SWIFT_COMPILATION_MODE = wholemodule;
				SWIFT_OPTIMIZATION_LEVEL = "-O";
				VALIDATE_PRODUCT = YES;
			};
			name = Release;
		};
		041DD57422833C850069D729 /* Debug */ = {
			isa = XCBuildConfiguration;
			baseConfigurationReference = B9889C9CBAC290FC78AA5DD4 /* Pods-schematix.debug.xcconfig */;
			buildSettings = {
				ASSETCATALOG_COMPILER_APPICON_NAME = AppIcon;
				CODE_SIGN_STYLE = Automatic;
				DEVELOPMENT_TEAM = BH7Z7SE66T;
				INFOPLIST_FILE = schematix/Info.plist;
				LD_RUNPATH_SEARCH_PATHS = (
					"$(inherited)",
					"@executable_path/Frameworks",
				);
				PRODUCT_BUNDLE_IDENTIFIER = io.carechain.schematix;
				PRODUCT_NAME = "$(TARGET_NAME)";
				SWIFT_VERSION = 5.0;
				TARGETED_DEVICE_FAMILY = "1,2";
			};
			name = Debug;
		};
		041DD57522833C850069D729 /* Release */ = {
			isa = XCBuildConfiguration;
			baseConfigurationReference = 87EB0F12ACD80C8AFCF8778C /* Pods-schematix.release.xcconfig */;
			buildSettings = {
				ASSETCATALOG_COMPILER_APPICON_NAME = AppIcon;
				CODE_SIGN_STYLE = Automatic;
				DEVELOPMENT_TEAM = BH7Z7SE66T;
				INFOPLIST_FILE = schematix/Info.plist;
				LD_RUNPATH_SEARCH_PATHS = (
					"$(inherited)",
					"@executable_path/Frameworks",
				);
				PRODUCT_BUNDLE_IDENTIFIER = io.carechain.schematix;
				PRODUCT_NAME = "$(TARGET_NAME)";
				SWIFT_VERSION = 5.0;
				TARGETED_DEVICE_FAMILY = "1,2";
			};
			name = Release;
		};
/* End XCBuildConfiguration section */

/* Begin XCConfigurationList section */
		041DD55C22833C840069D729 /* Build configuration list for PBXProject "schematix" */ = {
			isa = XCConfigurationList;
			buildConfigurations = (
				041DD57122833C850069D729 /* Debug */,
				041DD57222833C850069D729 /* Release */,
			);
			defaultConfigurationIsVisible = 0;
			defaultConfigurationName = Release;
		};
		041DD57322833C850069D729 /* Build configuration list for PBXNativeTarget "schematix" */ = {
			isa = XCConfigurationList;
			buildConfigurations = (
				041DD57422833C850069D729 /* Debug */,
				041DD57522833C850069D729 /* Release */,
			);
			defaultConfigurationIsVisible = 0;
			defaultConfigurationName = Release;
		};
/* End XCConfigurationList section */
	};
	rootObject = 041DD55922833C840069D729 /* Project object */;
}
